{
	"name": "@ordbok/core",
	"version": "0.0.2",
	"lockfileVersion": 1,
	"requires": true,
	"dependencies": {
		"@types/node": {
			"version": "11.12.2",
			"resolved": "https://registry.npmjs.org/@types/node/-/node-11.12.2.tgz",
			"integrity": "sha512-c82MtnqWB/CqqK7/zit74Ob8H1dBdV7bK+BcErwtXbe0+nUGkgzq5NTDmRW/pAv2lFtmeNmW95b0zK2hxpeklg==",
			"dev": true
		},
		"requirejs": {
			"version": "2.3.6",
			"resolved": "https://registry.npmjs.org/requirejs/-/requirejs-2.3.6.tgz",
			"integrity": "sha512-ipEzlWQe6RK3jkzikgCupiTbTvm4S0/CAU5GlgptkN5SO6F3u0UD0K18wy6ErDqiCyP4J4YYe1HuAShvsxePLg==",
			"dev": true
		},
		"typescript": {
			"version": "3.4.3",
			"resolved": "https://registry.npmjs.org/typescript/-/typescript-3.4.3.tgz",
			"integrity": "sha512-FFgHdPt4T/duxx6Ndf7hwgMZZjZpB+U0nMNGVCYPq0rEzWKjEDobm4J6yb3CS7naZ0yURFqdw9Gwc7UOh/P9oQ==",
			"dev": true
		}
	}
}
