{
	"name": "@ordbok/core",
	"version": "0.0.3",
	"lockfileVersion": 1,
	"requires": true,
	"dependencies": {
		"@types/node": {
			"version": "11.12.2",
			"resolved": "https://registry.npmjs.org/@types/node/-/node-11.12.2.tgz",
			"integrity": "sha512-c82MtnqWB/CqqK7/zit74Ob8H1dBdV7bK+BcErwtXbe0+nUGkgzq5NTDmRW/pAv2lFtmeNmW95b0zK2hxpeklg==",
			"dev": true
		},
		"requirejs": {
			"version": "2.3.6",
			"resolved": "https://registry.npmjs.org/requirejs/-/requirejs-2.3.6.tgz",
			"integrity": "sha512-ipEzlWQe6RK3jkzikgCupiTbTvm4S0/CAU5GlgptkN5SO6F3u0UD0K18wy6ErDqiCyP4J4YYe1HuAShvsxePLg==",
			"dev": true
		},
		"typescript": {
			"version": "3.5.3",
			"resolved": "https://registry.npmjs.org/typescript/-/typescript-3.5.3.tgz",
			"integrity": "sha512-ACzBtm/PhXBDId6a6sDJfroT2pOWt/oOnk4/dElG5G33ZL776N3Y6/6bKZJBFpd+b05F3Ct9qDjMeJmRWtE2/g==",
			"dev": true
		}
	}
}
